
Microsoft Visual Studio Solution File, Format Version 12.00
# Visual Studio Version 16
VisualStudioVersion = 16.0.30804.86
MinimumVisualStudioVersion = 10.0.40219.1
Project("{888888A0-9F3D-457C-B088-3A5042F75D52}") = "LineDetect", "LineDetect\LineDetect.pyproj", "{AE167842-267F-4402-9E99-E28178AC17AB}"
EndProject
Global
	GlobalSection(SolutionConfigurationPlatforms) = preSolution
		Debug|Any CPU = Debug|Any CPU
		Release|Any CPU = Release|Any CPU
	EndGlobalSection
	GlobalSection(ProjectConfigurationPlatforms) = postSolution
		{AE167842-267F-4402-9E99-E28178AC17AB}.Debug|Any CPU.ActiveCfg = Debug|Any CPU
		{AE167842-267F-4402-9E99-E28178AC17AB}.Release|Any CPU.ActiveCfg = Release|Any CPU
	EndGlobalSection
	GlobalSection(SolutionProperties) = preSolution
		HideSolutionNode = FALSE
	EndGlobalSection
	GlobalSection(ExtensibilityGlobals) = postSolution
		SolutionGuid = {24766631-BE6C-4D2F-BB1B-0FC2B8AFE5ED}
	EndGlobalSection
EndGlobal
